
Microsoft Visual Studio Solution File, Format Version 12.00
# Visual Studio Version 17
VisualStudioVersion = 17.14.36203.30 d17.14
MinimumVisualStudioVersion = 10.0.40219.1
Project("{FAE04EC0-301F-11D3-BF4B-00C04F79EFBC}") = "SenacEstacionamento", "SenacEstacionamento.csproj", "{EF352807-0F97-4E83-ADDC-1913CEAC6FAC}"
EndProject
Global
	GlobalSection(SolutionConfigurationPlatforms) = preSolution
		Debug|Any CPU = Debug|Any CPU
		Release|Any CPU = Release|Any CPU
	EndGlobalSection
	GlobalSection(ProjectConfigurationPlatforms) = postSolution
		{EF352807-0F97-4E83-ADDC-1913CEAC6FAC}.Debug|Any CPU.ActiveCfg = Debug|Any CPU
		{EF352807-0F97-4E83-ADDC-1913CEAC6FAC}.Debug|Any CPU.Build.0 = Debug|Any CPU
		{EF352807-0F97-4E83-ADDC-1913CEAC6FAC}.Release|Any CPU.ActiveCfg = Release|Any CPU
		{EF352807-0F97-4E83-ADDC-1913CEAC6FAC}.Release|Any CPU.Build.0 = Release|Any CPU
	EndGlobalSection
	GlobalSection(SolutionProperties) = preSolution
		HideSolutionNode = FALSE
	EndGlobalSection
	GlobalSection(ExtensibilityGlobals) = postSolution
		SolutionGuid = {D0D7EBB2-E532-400F-9CA9-02EA41612A12}
	EndGlobalSection
EndGlobal
